
Microsoft Visual Studio Solution File, Format Version 12.00
# Visual Studio Version 17
VisualStudioVersion = 17.14.36408.4
MinimumVisualStudioVersion = 10.0.40219.1
Project("{FAE04EC0-301F-11D3-BF4B-00C04F79EFBC}") = "proyecto ventas", "proyecto ventas\proyecto ventas.csproj", "{49AB3B0D-FB9B-4B14-B202-9E07F6E48E75}"
EndProject
Project("{FAE04EC0-301F-11D3-BF4B-00C04F79EFBC}") = "CapaEntidad", "CapaEntidad\CapaEntidad.csproj", "{B86B7144-7813-4D78-9CF4-F700A19F4CCC}"
EndProject
Project("{FAE04EC0-301F-11D3-BF4B-00C04F79EFBC}") = "CapaNegocio", "CapaNegocio\CapaNegocio.csproj", "{D129ED7F-9104-4D20-BDA7-B2292DC4AAC1}"
EndProject
Project("{FAE04EC0-301F-11D3-BF4B-00C04F79EFBC}") = "CapaDatos", "CapaDatos\CapaDatos.csproj", "{FCF3866F-E7F3-4DD5-B1FB-13407A0CBA35}"
EndProject
Global
	GlobalSection(SolutionConfigurationPlatforms) = preSolution
		Debug|Any CPU = Debug|Any CPU
		Release|Any CPU = Release|Any CPU
	EndGlobalSection
	GlobalSection(ProjectConfigurationPlatforms) = postSolution
		{49AB3B0D-FB9B-4B14-B202-9E07F6E48E75}.Debug|Any CPU.ActiveCfg = Debug|Any CPU
		{49AB3B0D-FB9B-4B14-B202-9E07F6E48E75}.Debug|Any CPU.Build.0 = Debug|Any CPU
		{49AB3B0D-FB9B-4B14-B202-9E07F6E48E75}.Release|Any CPU.ActiveCfg = Release|Any CPU
		{49AB3B0D-FB9B-4B14-B202-9E07F6E48E75}.Release|Any CPU.Build.0 = Release|Any CPU
		{B86B7144-7813-4D78-9CF4-F700A19F4CCC}.Debug|Any CPU.ActiveCfg = Debug|Any CPU
		{B86B7144-7813-4D78-9CF4-F700A19F4CCC}.Debug|Any CPU.Build.0 = Debug|Any CPU
		{B86B7144-7813-4D78-9CF4-F700A19F4CCC}.Release|Any CPU.ActiveCfg = Release|Any CPU
		{B86B7144-7813-4D78-9CF4-F700A19F4CCC}.Release|Any CPU.Build.0 = Release|Any CPU
		{D129ED7F-9104-4D20-BDA7-B2292DC4AAC1}.Debug|Any CPU.ActiveCfg = Debug|Any CPU
		{D129ED7F-9104-4D20-BDA7-B2292DC4AAC1}.Debug|Any CPU.Build.0 = Debug|Any CPU
		{D129ED7F-9104-4D20-BDA7-B2292DC4AAC1}.Release|Any CPU.ActiveCfg = Release|Any CPU
		{D129ED7F-9104-4D20-BDA7-B2292DC4AAC1}.Release|Any CPU.Build.0 = Release|Any CPU
		{FCF3866F-E7F3-4DD5-B1FB-13407A0CBA35}.Debug|Any CPU.ActiveCfg = Debug|Any CPU
		{FCF3866F-E7F3-4DD5-B1FB-13407A0CBA35}.Debug|Any CPU.Build.0 = Debug|Any CPU
		{FCF3866F-E7F3-4DD5-B1FB-13407A0CBA35}.Release|Any CPU.ActiveCfg = Release|Any CPU
		{FCF3866F-E7F3-4DD5-B1FB-13407A0CBA35}.Release|Any CPU.Build.0 = Release|Any CPU
	EndGlobalSection
	GlobalSection(SolutionProperties) = preSolution
		HideSolutionNode = FALSE
	EndGlobalSection
	GlobalSection(ExtensibilityGlobals) = postSolution
		SolutionGuid = {DDDA5CE1-7541-4945-AD60-E053ECCACAA6}
	EndGlobalSection
EndGlobal
